
Microsoft Visual Studio Solution File, Format Version 12.00
# Visual Studio Version 17
VisualStudioVersion = 17.10.35013.160
MinimumVisualStudioVersion = 10.0.40219.1
Project("{FAE04EC0-301F-11D3-BF4B-00C04F79EFBC}") = "PatikaUygulama", "PatikaUygulama\PatikaUygulama.csproj", "{35E2EA5B-6A8A-4C4D-89D0-1CDF12D8FE59}"
EndProject
Global
	GlobalSection(SolutionConfigurationPlatforms) = preSolution
		Debug|Any CPU = Debug|Any CPU
		Release|Any CPU = Release|Any CPU
	EndGlobalSection
	GlobalSection(ProjectConfigurationPlatforms) = postSolution
		{35E2EA5B-6A8A-4C4D-89D0-1CDF12D8FE59}.Debug|Any CPU.ActiveCfg = Debug|Any CPU
		{35E2EA5B-6A8A-4C4D-89D0-1CDF12D8FE59}.Debug|Any CPU.Build.0 = Debug|Any CPU
		{35E2EA5B-6A8A-4C4D-89D0-1CDF12D8FE59}.Release|Any CPU.ActiveCfg = Release|Any CPU
		{35E2EA5B-6A8A-4C4D-89D0-1CDF12D8FE59}.Release|Any CPU.Build.0 = Release|Any CPU
	EndGlobalSection
	GlobalSection(SolutionProperties) = preSolution
		HideSolutionNode = FALSE
	EndGlobalSection
	GlobalSection(ExtensibilityGlobals) = postSolution
		SolutionGuid = {C7DCCF73-A61A-4494-B19E-992F3C933D2E}
	EndGlobalSection
EndGlobal
